
Microsoft Visual Studio Solution File, Format Version 12.00
# Visual Studio Version 16
VisualStudioVersion = 16.0.31829.152
MinimumVisualStudioVersion = 10.0.40219.1
Project("{FAE04EC0-301F-11D3-BF4B-00C04F79EFBC}") = "WindowsFormsApp_tutorial_3", "WindowsFormsApp_tutorial_3\WindowsFormsApp_tutorial_3.csproj", "{B478FE17-115D-4CDE-800D-CBA5ADECDCBD}"
EndProject
Global
	GlobalSection(SolutionConfigurationPlatforms) = preSolution
		Debug|Any CPU = Debug|Any CPU
		Release|Any CPU = Release|Any CPU
	EndGlobalSection
	GlobalSection(ProjectConfigurationPlatforms) = postSolution
		{B478FE17-115D-4CDE-800D-CBA5ADECDCBD}.Debug|Any CPU.ActiveCfg = Debug|Any CPU
		{B478FE17-115D-4CDE-800D-CBA5ADECDCBD}.Debug|Any CPU.Build.0 = Debug|Any CPU
		{B478FE17-115D-4CDE-800D-CBA5ADECDCBD}.Release|Any CPU.ActiveCfg = Release|Any CPU
		{B478FE17-115D-4CDE-800D-CBA5ADECDCBD}.Release|Any CPU.Build.0 = Release|Any CPU
	EndGlobalSection
	GlobalSection(SolutionProperties) = preSolution
		HideSolutionNode = FALSE
	EndGlobalSection
	GlobalSection(ExtensibilityGlobals) = postSolution
		SolutionGuid = {3E7779C7-B469-45FA-AF5D-2DE52E659205}
	EndGlobalSection
EndGlobal
